// !$*UTF8*$!
{
	archiveVersion = 1;
	classes = {
	};
	objectVersion = 46;
	objects = {

/* Begin PBXBuildFile section */
		A90097AE1C3F2664009A388A /* Assets.xcassets in Resources */ = {isa = PBXBuildFile; fileRef = A996F3511BE26AA900977E23 /* Assets.xcassets */; };
		A90097B21C3F2D35009A388A /* FBSDKCoreKit.framework in Frameworks */ = {isa = PBXBuildFile; fileRef = A90097B11C3F2D35009A388A /* FBSDKCoreKit.framework */; };
		A90097B41C3F2F5B009A388A /* FBSDKLoginKit.framework in Frameworks */ = {isa = PBXBuildFile; fileRef = A90097B31C3F2F5B009A388A /* FBSDKLoginKit.framework */; };
		A90B08E51BF1762E00CBD70A /* LoginViewController.swift in Sources */ = {isa = PBXBuildFile; fileRef = A90B08E41BF1762E00CBD70A /* LoginViewController.swift */; };
		A90B08E71BF1770D00CBD70A /* MapViewController.swift in Sources */ = {isa = PBXBuildFile; fileRef = A90B08E61BF1770D00CBD70A /* MapViewController.swift */; };
		A90B08E91BF1774300CBD70A /* TableViewController.swift in Sources */ = {isa = PBXBuildFile; fileRef = A90B08E81BF1774300CBD70A /* TableViewController.swift */; };
		A90B08EF1BF2294900CBD70A /* UdacityConstants.swift in Sources */ = {isa = PBXBuildFile; fileRef = A90B08EE1BF2294900CBD70A /* UdacityConstants.swift */; };
		A90B08F11BF2297A00CBD70A /* UdacityClient.swift in Sources */ = {isa = PBXBuildFile; fileRef = A90B08F01BF2297A00CBD70A /* UdacityClient.swift */; };
		A90B08F31BF22AD600CBD70A /* ClientConvenience.swift in Sources */ = {isa = PBXBuildFile; fileRef = A90B08F21BF22AD600CBD70A /* ClientConvenience.swift */; };
		A90B08F51BF232FC00CBD70A /* ClientConstants.swift in Sources */ = {isa = PBXBuildFile; fileRef = A90B08F41BF232FC00CBD70A /* ClientConstants.swift */; };
		A90B08F71BF2353C00CBD70A /* UdacityClientConvenience.swift in Sources */ = {isa = PBXBuildFile; fileRef = A90B08F61BF2353C00CBD70A /* UdacityClientConvenience.swift */; };
		A93B8B881C1EEB18003528F5 /* ParseConstants.swift in Sources */ = {isa = PBXBuildFile; fileRef = A93B8B871C1EEB18003528F5 /* ParseConstants.swift */; };
		A93B8B8A1C1EEB40003528F5 /* ParseClient.swift in Sources */ = {isa = PBXBuildFile; fileRef = A93B8B891C1EEB40003528F5 /* ParseClient.swift */; };
		A93B8B8C1C1EED2B003528F5 /* StudentLocation.swift in Sources */ = {isa = PBXBuildFile; fileRef = A93B8B8B1C1EED2B003528F5 /* StudentLocation.swift */; };
		A93B8B8E1C1EF51C003528F5 /* ParseClientConvenience.swift in Sources */ = {isa = PBXBuildFile; fileRef = A93B8B8D1C1EF51C003528F5 /* ParseClientConvenience.swift */; };
		A93B8BB01C21690D003528F5 /* LocationCollectionViewController.swift in Sources */ = {isa = PBXBuildFile; fileRef = A93B8BAF1C21690D003528F5 /* LocationCollectionViewController.swift */; };
		A93B8BB21C216F8A003528F5 /* AddLocationViewController.swift in Sources */ = {isa = PBXBuildFile; fileRef = A93B8BB11C216F8A003528F5 /* AddLocationViewController.swift */; };
		A93C47C91C230E6800B7BD5F /* CoreLocation.framework in Frameworks */ = {isa = PBXBuildFile; fileRef = A93C47C81C230E6800B7BD5F /* CoreLocation.framework */; };
		A943BAFD1C2C031600A46B94 /* Alert.swift in Sources */ = {isa = PBXBuildFile; fileRef = A943BAFC1C2C031600A46B94 /* Alert.swift */; };
		A943BAFF1C39C42500A46B94 /* NudgeTextField.swift in Sources */ = {isa = PBXBuildFile; fileRef = A943BAFE1C39C42500A46B94 /* NudgeTextField.swift */; };
		A996F34B1BE26AA900977E23 /* AppDelegate.swift in Sources */ = {isa = PBXBuildFile; fileRef = A996F34A1BE26AA900977E23 /* AppDelegate.swift */; };
		A996F3501BE26AA900977E23 /* Main.storyboard in Resources */ = {isa = PBXBuildFile; fileRef = A996F34E1BE26AA900977E23 /* Main.storyboard */; };
		A996F3551BE26AA900977E23 /* LaunchScreen.storyboard in Resources */ = {isa = PBXBuildFile; fileRef = A996F3531BE26AA900977E23 /* LaunchScreen.storyboard */; };
		A996F35D1BE26CE800977E23 /* MapKit.framework in Frameworks */ = {isa = PBXBuildFile; fileRef = A996F35C1BE26CE800977E23 /* MapKit.framework */; };
		A9E4AD271C19DB660024F923 /* TabBarController.swift in Sources */ = {isa = PBXBuildFile; fileRef = A9E4AD261C19DB660024F923 /* TabBarController.swift */; };
		A9EDE8331C036E9400A8E8E7 /* UdacityConfig.swift in Sources */ = {isa = PBXBuildFile; fileRef = A9EDE8321C036E9400A8E8E7 /* UdacityConfig.swift */; };
/* End PBXBuildFile section */

/* Begin PBXFileReference section */
		A90097B11C3F2D35009A388A /* FBSDKCoreKit.framework */ = {isa = PBXFileReference; lastKnownFileType = wrapper.framework; path = FBSDKCoreKit.framework; sourceTree = "<group>"; };
		A90097B31C3F2F5B009A388A /* FBSDKLoginKit.framework */ = {isa = PBXFileReference; lastKnownFileType = wrapper.framework; path = FBSDKLoginKit.framework; sourceTree = "<group>"; };
		A90B08E41BF1762E00CBD70A /* LoginViewController.swift */ = {isa = PBXFileReference; fileEncoding = 4; lastKnownFileType = sourcecode.swift; name = LoginViewController.swift; path = "View Controllers/LoginViewController.swift"; sourceTree = "<group>"; };
		A90B08E61BF1770D00CBD70A /* MapViewController.swift */ = {isa = PBXFileReference; fileEncoding = 4; lastKnownFileType = sourcecode.swift; name = MapViewController.swift; path = "View Controllers/MapViewController.swift"; sourceTree = "<group>"; };
		A90B08E81BF1774300CBD70A /* TableViewController.swift */ = {isa = PBXFileReference; fileEncoding = 4; lastKnownFileType = sourcecode.swift; name = TableViewController.swift; path = "View Controllers/TableViewController.swift"; sourceTree = "<group>"; };
		A90B08EE1BF2294900CBD70A /* UdacityConstants.swift */ = {isa = PBXFileReference; fileEncoding = 4; lastKnownFileType = sourcecode.swift; name = UdacityConstants.swift; path = Models/Clients/Udacity/UdacityConstants.swift; sourceTree = "<group>"; };
		A90B08F01BF2297A00CBD70A /* UdacityClient.swift */ = {isa = PBXFileReference; fileEncoding = 4; lastKnownFileType = sourcecode.swift; name = UdacityClient.swift; path = Models/Clients/Udacity/UdacityClient.swift; sourceTree = "<group>"; };
		A90B08F21BF22AD600CBD70A /* ClientConvenience.swift */ = {isa = PBXFileReference; fileEncoding = 4; lastKnownFileType = sourcecode.swift; name = ClientConvenience.swift; path = Models/Clients/ClientConvenience.swift; sourceTree = "<group>"; };
		A90B08F41BF232FC00CBD70A /* ClientConstants.swift */ = {isa = PBXFileReference; fileEncoding = 4; lastKnownFileType = sourcecode.swift; name = ClientConstants.swift; path = Models/Clients/ClientConstants.swift; sourceTree = "<group>"; };
		A90B08F61BF2353C00CBD70A /* UdacityClientConvenience.swift */ = {isa = PBXFileReference; fileEncoding = 4; lastKnownFileType = sourcecode.swift; name = UdacityClientConvenience.swift; path = Models/Clients/Udacity/UdacityClientConvenience.swift; sourceTree = "<group>"; };
		A93B8B871C1EEB18003528F5 /* ParseConstants.swift */ = {isa = PBXFileReference; fileEncoding = 4; lastKnownFileType = sourcecode.swift; name = ParseConstants.swift; path = Models/Clients/Parse/ParseConstants.swift; sourceTree = "<group>"; };
		A93B8B891C1EEB40003528F5 /* ParseClient.swift */ = {isa = PBXFileReference; fileEncoding = 4; lastKnownFileType = sourcecode.swift; name = ParseClient.swift; path = Models/Clients/Parse/ParseClient.swift; sourceTree = "<group>"; };
		A93B8B8B1C1EED2B003528F5 /* StudentLocation.swift */ = {isa = PBXFileReference; fileEncoding = 4; lastKnownFileType = sourcecode.swift; name = StudentLocation.swift; path = Models/StudentLocation.swift; sourceTree = "<group>"; };
		A93B8B8D1C1EF51C003528F5 /* ParseClientConvenience.swift */ = {isa = PBXFileReference; fileEncoding = 4; lastKnownFileType = sourcecode.swift; name = ParseClientConvenience.swift; path = Models/Clients/Parse/ParseClientConvenience.swift; sourceTree = "<group>"; };
		A93B8BAF1C21690D003528F5 /* LocationCollectionViewController.swift */ = {isa = PBXFileReference; fileEncoding = 4; lastKnownFileType = sourcecode.swift; name = LocationCollectionViewController.swift; path = "View Controllers/LocationCollectionViewController.swift"; sourceTree = "<group>"; };
		A93B8BB11C216F8A003528F5 /* AddLocationViewController.swift */ = {isa = PBXFileReference; fileEncoding = 4; lastKnownFileType = sourcecode.swift; name = AddLocationViewController.swift; path = "View Controllers/AddLocationViewController.swift"; sourceTree = "<group>"; };
		A93C47C81C230E6800B7BD5F /* CoreLocation.framework */ = {isa = PBXFileReference; lastKnownFileType = wrapper.framework; name = CoreLocation.framework; path = System/Library/Frameworks/CoreLocation.framework; sourceTree = SDKROOT; };
		A943BAFC1C2C031600A46B94 /* Alert.swift */ = {isa = PBXFileReference; fileEncoding = 4; lastKnownFileType = sourcecode.swift; name = Alert.swift; path = Util/Alert.swift; sourceTree = "<group>"; };
		A943BAFE1C39C42500A46B94 /* NudgeTextField.swift */ = {isa = PBXFileReference; fileEncoding = 4; lastKnownFileType = sourcecode.swift; name = NudgeTextField.swift; path = "View Controllers/NudgeTextField.swift"; sourceTree = "<group>"; };
		A996F3471BE26AA900977E23 /* OnTheMap.app */ = {isa = PBXFileReference; explicitFileType = wrapper.application; includeInIndex = 0; path = OnTheMap.app; sourceTree = BUILT_PRODUCTS_DIR; };
		A996F34A1BE26AA900977E23 /* AppDelegate.swift */ = {isa = PBXFileReference; lastKnownFileType = sourcecode.swift; path = AppDelegate.swift; sourceTree = "<group>"; };
		A996F34F1BE26AA900977E23 /* Base */ = {isa = PBXFileReference; lastKnownFileType = file.storyboard; name = Base; path = Base.lproj/Main.storyboard; sourceTree = "<group>"; };
		A996F3511BE26AA900977E23 /* Assets.xcassets */ = {isa = PBXFileReference; lastKnownFileType = folder.assetcatalog; path = Assets.xcassets; sourceTree = "<group>"; };
		A996F3541BE26AA900977E23 /* Base */ = {isa = PBXFileReference; lastKnownFileType = file.storyboard; name = Base; path = Base.lproj/LaunchScreen.storyboard; sourceTree = "<group>"; };
		A996F3561BE26AA900977E23 /* Info.plist */ = {isa = PBXFileReference; lastKnownFileType = text.plist.xml; path = Info.plist; sourceTree = "<group>"; };
		A996F35C1BE26CE800977E23 /* MapKit.framework */ = {isa = PBXFileReference; lastKnownFileType = wrapper.framework; name = MapKit.framework; path = System/Library/Frameworks/MapKit.framework; sourceTree = SDKROOT; };
		A9E4AD261C19DB660024F923 /* TabBarController.swift */ = {isa = PBXFileReference; fileEncoding = 4; lastKnownFileType = sourcecode.swift; name = TabBarController.swift; path = "View Controllers/TabBarController.swift"; sourceTree = "<group>"; };
		A9EDE8321C036E9400A8E8E7 /* UdacityConfig.swift */ = {isa = PBXFileReference; fileEncoding = 4; lastKnownFileType = sourcecode.swift; name = UdacityConfig.swift; path = Models/Clients/Udacity/UdacityConfig.swift; sourceTree = "<group>"; };
/* End PBXFileReference section */

/* Begin PBXFrameworksBuildPhase section */
		A996F3441BE26AA900977E23 /* Frameworks */ = {
			isa = PBXFrameworksBuildPhase;
			buildActionMask = 2147483647;
			files = (
				A90097B21C3F2D35009A388A /* FBSDKCoreKit.framework in Frameworks */,
				A93C47C91C230E6800B7BD5F /* CoreLocation.framework in Frameworks */,
				A90097B41C3F2F5B009A388A /* FBSDKLoginKit.framework in Frameworks */,
				A996F35D1BE26CE800977E23 /* MapKit.framework in Frameworks */,
			);
			runOnlyForDeploymentPostprocessing = 0;
		};
/* End PBXFrameworksBuildPhase section */

/* Begin PBXGroup section */
		A90B08E21BF16E2F00CBD70A /* Frameworks */ = {
			isa = PBXGroup;
			children = (
				A90097B31C3F2F5B009A388A /* FBSDKLoginKit.framework */,
				A90097B11C3F2D35009A388A /* FBSDKCoreKit.framework */,
				A93C47C81C230E6800B7BD5F /* CoreLocation.framework */,
				A996F35C1BE26CE800977E23 /* MapKit.framework */,
			);
			name = Frameworks;
			sourceTree = "<group>";
		};
		A90B08E31BF175F900CBD70A /* View Controllers */ = {
			isa = PBXGroup;
			children = (
				A90B08E41BF1762E00CBD70A /* LoginViewController.swift */,
				A9E4AD261C19DB660024F923 /* TabBarController.swift */,
				A90B08E61BF1770D00CBD70A /* MapViewController.swift */,
				A90B08E81BF1774300CBD70A /* TableViewController.swift */,
				A93B8BAF1C21690D003528F5 /* LocationCollectionViewController.swift */,
				A93B8BB11C216F8A003528F5 /* AddLocationViewController.swift */,
				A943BAFE1C39C42500A46B94 /* NudgeTextField.swift */,
			);
			name = "View Controllers";
			sourceTree = "<group>";
		};
		A90B08EA1BF2288600CBD70A /* Other */ = {
			isa = PBXGroup;
			children = (
				A996F3511BE26AA900977E23 /* Assets.xcassets */,
				A996F3531BE26AA900977E23 /* LaunchScreen.storyboard */,
				A996F3561BE26AA900977E23 /* Info.plist */,
			);
			name = Other;
			sourceTree = "<group>";
		};
		A90B08EB1BF228C200CBD70A /* Models */ = {
			isa = PBXGroup;
			children = (
				A90B08EC1BF228D200CBD70A /* Clients */,
				A93B8B8B1C1EED2B003528F5 /* StudentLocation.swift */,
			);
			name = Models;
			sourceTree = "<group>";
		};
		A90B08EC1BF228D200CBD70A /* Clients */ = {
			isa = PBXGroup;
			children = (
				A93B8B861C1EEAEF003528F5 /* Parse */,
				A90B08ED1BF2291800CBD70A /* Udacity */,
				A90B08F21BF22AD600CBD70A /* ClientConvenience.swift */,
				A90B08F41BF232FC00CBD70A /* ClientConstants.swift */,
			);
			name = Clients;
			sourceTree = "<group>";
		};
		A90B08ED1BF2291800CBD70A /* Udacity */ = {
			isa = PBXGroup;
			children = (
				A90B08EE1BF2294900CBD70A /* UdacityConstants.swift */,
				A90B08F01BF2297A00CBD70A /* UdacityClient.swift */,
				A90B08F61BF2353C00CBD70A /* UdacityClientConvenience.swift */,
				A9EDE8321C036E9400A8E8E7 /* UdacityConfig.swift */,
			);
			name = Udacity;
			sourceTree = "<group>";
		};
		A93B8B861C1EEAEF003528F5 /* Parse */ = {
			isa = PBXGroup;
			children = (
				A93B8B871C1EEB18003528F5 /* ParseConstants.swift */,
				A93B8B891C1EEB40003528F5 /* ParseClient.swift */,
				A93B8B8D1C1EF51C003528F5 /* ParseClientConvenience.swift */,
			);
			name = Parse;
			sourceTree = "<group>";
		};
		A943BAFB1C2C02C400A46B94 /* Util */ = {
			isa = PBXGroup;
			children = (
				A943BAFC1C2C031600A46B94 /* Alert.swift */,
			);
			name = Util;
			sourceTree = "<group>";
		};
		A996F33E1BE26AA900977E23 = {
			isa = PBXGroup;
			children = (
				A996F3491BE26AA900977E23 /* OnTheMap */,
				A996F3481BE26AA900977E23 /* Products */,
				A90B08E21BF16E2F00CBD70A /* Frameworks */,
			);
			sourceTree = "<group>";
		};
		A996F3481BE26AA900977E23 /* Products */ = {
			isa = PBXGroup;
			children = (
				A996F3471BE26AA900977E23 /* OnTheMap.app */,
			);
			name = Products;
			sourceTree = "<group>";
		};
		A996F3491BE26AA900977E23 /* OnTheMap */ = {
			isa = PBXGroup;
			children = (
				A996F34A1BE26AA900977E23 /* AppDelegate.swift */,
				A996F34E1BE26AA900977E23 /* Main.storyboard */,
				A90B08E31BF175F900CBD70A /* View Controllers */,
				A90B08EB1BF228C200CBD70A /* Models */,
				A943BAFB1C2C02C400A46B94 /* Util */,
				A90B08EA1BF2288600CBD70A /* Other */,
			);
			path = OnTheMap;
			sourceTree = "<group>";
		};
/* End PBXGroup section */

/* Begin PBXNativeTarget section */
		A996F3461BE26AA900977E23 /* OnTheMap */ = {
			isa = PBXNativeTarget;
			buildConfigurationList = A996F3591BE26AA900977E23 /* Build configuration list for PBXNativeTarget "OnTheMap" */;
			buildPhases = (
				A996F3431BE26AA900977E23 /* Sources */,
				A996F3441BE26AA900977E23 /* Frameworks */,
				A996F3451BE26AA900977E23 /* Resources */,
			);
			buildRules = (
			);
			dependencies = (
			);
			name = OnTheMap;
			productName = OnTheMap;
			productReference = A996F3471BE26AA900977E23 /* OnTheMap.app */;
			productType = "com.apple.product-type.application";
		};
/* End PBXNativeTarget section */

/* Begin PBXProject section */
		A996F33F1BE26AA900977E23 /* Project object */ = {
			isa = PBXProject;
			attributes = {
				LastSwiftUpdateCheck = 0710;
				LastUpgradeCheck = 0710;
				ORGANIZATIONNAME = "Bill Dawson";
				TargetAttributes = {
					A996F3461BE26AA900977E23 = {
						CreatedOnToolsVersion = 7.1;
					};
				};
			};
			buildConfigurationList = A996F3421BE26AA900977E23 /* Build configuration list for PBXProject "OnTheMap" */;
			compatibilityVersion = "Xcode 3.2";
			developmentRegion = English;
			hasScannedForEncodings = 0;
			knownRegions = (
				en,
				Base,
			);
			mainGroup = A996F33E1BE26AA900977E23;
			productRefGroup = A996F3481BE26AA900977E23 /* Products */;
			projectDirPath = "";
			projectRoot = "";
			targets = (
				A996F3461BE26AA900977E23 /* OnTheMap */,
			);
		};
/* End PBXProject section */

/* Begin PBXResourcesBuildPhase section */
		A996F3451BE26AA900977E23 /* Resources */ = {
			isa = PBXResourcesBuildPhase;
			buildActionMask = 2147483647;
			files = (
				A996F3551BE26AA900977E23 /* LaunchScreen.storyboard in Resources */,
				A90097AE1C3F2664009A388A /* Assets.xcassets in Resources */,
				A996F3501BE26AA900977E23 /* Main.storyboard in Resources */,
			);
			runOnlyForDeploymentPostprocessing = 0;
		};
/* End PBXResourcesBuildPhase section */

/* Begin PBXSourcesBuildPhase section */
		A996F3431BE26AA900977E23 /* Sources */ = {
			isa = PBXSourcesBuildPhase;
			buildActionMask = 2147483647;
			files = (
				A943BAFD1C2C031600A46B94 /* Alert.swift in Sources */,
				A90B08E91BF1774300CBD70A /* TableViewController.swift in Sources */,
				A93B8B881C1EEB18003528F5 /* ParseConstants.swift in Sources */,
				A93B8B8C1C1EED2B003528F5 /* StudentLocation.swift in Sources */,
				A90B08EF1BF2294900CBD70A /* UdacityConstants.swift in Sources */,
				A90B08F31BF22AD600CBD70A /* ClientConvenience.swift in Sources */,
				A90B08F11BF2297A00CBD70A /* UdacityClient.swift in Sources */,
				A90B08F71BF2353C00CBD70A /* UdacityClientConvenience.swift in Sources */,
				A9EDE8331C036E9400A8E8E7 /* UdacityConfig.swift in Sources */,
				A90B08F51BF232FC00CBD70A /* ClientConstants.swift in Sources */,
				A90B08E51BF1762E00CBD70A /* LoginViewController.swift in Sources */,
				A93B8B8E1C1EF51C003528F5 /* ParseClientConvenience.swift in Sources */,
				A9E4AD271C19DB660024F923 /* TabBarController.swift in Sources */,
				A90B08E71BF1770D00CBD70A /* MapViewController.swift in Sources */,
				A996F34B1BE26AA900977E23 /* AppDelegate.swift in Sources */,
				A943BAFF1C39C42500A46B94 /* NudgeTextField.swift in Sources */,
				A93B8BB21C216F8A003528F5 /* AddLocationViewController.swift in Sources */,
				A93B8B8A1C1EEB40003528F5 /* ParseClient.swift in Sources */,
				A93B8BB01C21690D003528F5 /* LocationCollectionViewController.swift in Sources */,
			);
			runOnlyForDeploymentPostprocessing = 0;
		};
/* End PBXSourcesBuildPhase section */

/* Begin PBXVariantGroup section */
		A996F34E1BE26AA900977E23 /* Main.storyboard */ = {
			isa = PBXVariantGroup;
			children = (
				A996F34F1BE26AA900977E23 /* Base */,
			);
			name = Main.storyboard;
			sourceTree = "<group>";
		};
		A996F3531BE26AA900977E23 /* LaunchScreen.storyboard */ = {
			isa = PBXVariantGroup;
			children = (
				A996F3541BE26AA900977E23 /* Base */,
			);
			name = LaunchScreen.storyboard;
			sourceTree = "<group>";
		};
/* End PBXVariantGroup section */

/* Begin XCBuildConfiguration section */
		A996F3571BE26AA900977E23 /* Debug */ = {
			isa = XCBuildConfiguration;
			buildSettings = {
				ALWAYS_SEARCH_USER_PATHS = NO;
				CLANG_CXX_LANGUAGE_STANDARD = "gnu++0x";
				CLANG_CXX_LIBRARY = "libc++";
				CLANG_ENABLE_MODULES = YES;
				CLANG_ENABLE_OBJC_ARC = YES;
				CLANG_WARN_BOOL_CONVERSION = YES;
				CLANG_WARN_CONSTANT_CONVERSION = YES;
				CLANG_WARN_DIRECT_OBJC_ISA_USAGE = YES_ERROR;
				CLANG_WARN_EMPTY_BODY = YES;
				CLANG_WARN_ENUM_CONVERSION = YES;
				CLANG_WARN_INT_CONVERSION = YES;
				CLANG_WARN_OBJC_ROOT_CLASS = YES_ERROR;
				CLANG_WARN_UNREACHABLE_CODE = YES;
				CLANG_WARN__DUPLICATE_METHOD_MATCH = YES;
				"CODE_SIGN_IDENTITY[sdk=iphoneos*]" = "iPhone Developer";
				COPY_PHASE_STRIP = NO;
				DEBUG_INFORMATION_FORMAT = dwarf;
				ENABLE_STRICT_OBJC_MSGSEND = YES;
				ENABLE_TESTABILITY = YES;
				GCC_C_LANGUAGE_STANDARD = gnu99;
				GCC_DYNAMIC_NO_PIC = NO;
				GCC_NO_COMMON_BLOCKS = YES;
				GCC_OPTIMIZATION_LEVEL = 0;
				GCC_PREPROCESSOR_DEFINITIONS = (
					"DEBUG=1",
					"$(inherited)",
				);
				GCC_WARN_64_TO_32_BIT_CONVERSION = YES;
				GCC_WARN_ABOUT_RETURN_TYPE = YES_ERROR;
				GCC_WARN_UNDECLARED_SELECTOR = YES;
				GCC_WARN_UNINITIALIZED_AUTOS = YES_AGGRESSIVE;
				GCC_WARN_UNUSED_FUNCTION = YES;
				GCC_WARN_UNUSED_VARIABLE = YES;
				IPHONEOS_DEPLOYMENT_TARGET = 9.1;
				MTL_ENABLE_DEBUG_INFO = YES;
				ONLY_ACTIVE_ARCH = YES;
				SDKROOT = iphoneos;
				SWIFT_OPTIMIZATION_LEVEL = "-Onone";
				TARGETED_DEVICE_FAMILY = "1,2";
			};
			name = Debug;
		};
		A996F3581BE26AA900977E23 /* Release */ = {
			isa = XCBuildConfiguration;
			buildSettings = {
				ALWAYS_SEARCH_USER_PATHS = NO;
				CLANG_CXX_LANGUAGE_STANDARD = "gnu++0x";
				CLANG_CXX_LIBRARY = "libc++";
				CLANG_ENABLE_MODULES = YES;
				CLANG_ENABLE_OBJC_ARC = YES;
				CLANG_WARN_BOOL_CONVERSION = YES;
				CLANG_WARN_CONSTANT_CONVERSION = YES;
				CLANG_WARN_DIRECT_OBJC_ISA_USAGE = YES_ERROR;
				CLANG_WARN_EMPTY_BODY = YES;
				CLANG_WARN_ENUM_CONVERSION = YES;
				CLANG_WARN_INT_CONVERSION = YES;
				CLANG_WARN_OBJC_ROOT_CLASS = YES_ERROR;
				CLANG_WARN_UNREACHABLE_CODE = YES;
				CLANG_WARN__DUPLICATE_METHOD_MATCH = YES;
				"CODE_SIGN_IDENTITY[sdk=iphoneos*]" = "iPhone Developer";
				COPY_PHASE_STRIP = NO;
				DEBUG_INFORMATION_FORMAT = "dwarf-with-dsym";
				ENABLE_NS_ASSERTIONS = NO;
				ENABLE_STRICT_OBJC_MSGSEND = YES;
				GCC_C_LANGUAGE_STANDARD = gnu99;
				GCC_NO_COMMON_BLOCKS = YES;
				GCC_WARN_64_TO_32_BIT_CONVERSION = YES;
				GCC_WARN_ABOUT_RETURN_TYPE = YES_ERROR;
				GCC_WARN_UNDECLARED_SELECTOR = YES;
				GCC_WARN_UNINITIALIZED_AUTOS = YES_AGGRESSIVE;
				GCC_WARN_UNUSED_FUNCTION = YES;
				GCC_WARN_UNUSED_VARIABLE = YES;
				IPHONEOS_DEPLOYMENT_TARGET = 9.1;
				MTL_ENABLE_DEBUG_INFO = NO;
				SDKROOT = iphoneos;
				TARGETED_DEVICE_FAMILY = "1,2";
				VALIDATE_PRODUCT = YES;
			};
			name = Release;
		};
		A996F35A1BE26AA900977E23 /* Debug */ = {
			isa = XCBuildConfiguration;
			buildSettings = {
				ASSETCATALOG_COMPILER_APPICON_NAME = AppIcon;
				FRAMEWORK_SEARCH_PATHS = (
					"$(inherited)",
					"$(PROJECT_DIR)",
				);
				INFOPLIST_FILE = OnTheMap/Info.plist;
				LD_RUNPATH_SEARCH_PATHS = "$(inherited) @executable_path/Frameworks";
				PRODUCT_BUNDLE_IDENTIFIER = com.billdawson.OnTheMap;
				PRODUCT_NAME = "$(TARGET_NAME)";
				TARGETED_DEVICE_FAMILY = 1;
			};
			name = Debug;
		};
		A996F35B1BE26AA900977E23 /* Release */ = {
			isa = XCBuildConfiguration;
			buildSettings = {
				ASSETCATALOG_COMPILER_APPICON_NAME = AppIcon;
				FRAMEWORK_SEARCH_PATHS = (
					"$(inherited)",
					"$(PROJECT_DIR)",
				);
				INFOPLIST_FILE = OnTheMap/Info.plist;
				LD_RUNPATH_SEARCH_PATHS = "$(inherited) @executable_path/Frameworks";
				PRODUCT_BUNDLE_IDENTIFIER = com.billdawson.OnTheMap;
				PRODUCT_NAME = "$(TARGET_NAME)";
				TARGETED_DEVICE_FAMILY = 1;
			};
			name = Release;
		};
/* End XCBuildConfiguration section */

/* Begin XCConfigurationList section */
		A996F3421BE26AA900977E23 /* Build configuration list for PBXProject "OnTheMap" */ = {
			isa = XCConfigurationList;
			buildConfigurations = (
				A996F3571BE26AA900977E23 /* Debug */,
				A996F3581BE26AA900977E23 /* Release */,
			);
			defaultConfigurationIsVisible = 0;
			defaultConfigurationName = Release;
		};
		A996F3591BE26AA900977E23 /* Build configuration list for PBXNativeTarget "OnTheMap" */ = {
			isa = XCConfigurationList;
			buildConfigurations = (
				A996F35A1BE26AA900977E23 /* Debug */,
				A996F35B1BE26AA900977E23 /* Release */,
			);
			defaultConfigurationIsVisible = 0;
			defaultConfigurationName = Release;
		};
/* End XCConfigurationList section */
	};
	rootObject = A996F33F1BE26AA900977E23 /* Project object */;
}
